schema: '2.0'
stages:
  data_ingestion:
    cmd: python src/data_ingestion.py
    deps:
    - path: src/data_ingestion.py
      hash: md5
      md5: 88af98fe67816a1ac95e6d9029a0fe9f
      size: 3805
    outs:
    - path: data/raw
      hash: md5
      md5: 4f8ed12448f912122e61579897c4099f.dir
      size: 484846
      nfiles: 2
  data_preprocessing:
    cmd: python src/data_preprocessing.py
    deps:
    - path: data/raw
      hash: md5
      md5: 4f8ed12448f912122e61579897c4099f.dir
      size: 484846
      nfiles: 2
    - path: src/data_preprocessing.py
      hash: md5
      md5: ae0059b79590609927f72e3c373f1865
      size: 3973
    outs:
    - path: data/interim
      hash: md5
      md5: b4f97c417a52c607b4a413bdef8e0da1.dir
      size: 260499
      nfiles: 2
  feature_engineering:
    cmd: python src/feature_engineering.py
    deps:
    - path: data/interim
      hash: md5
      md5: b4f97c417a52c607b4a413bdef8e0da1.dir
      size: 260499
      nfiles: 2
    - path: src/feature_engineering.py
      hash: md5
      md5: cf8448c21ab5f64a81b288de0c331814
      size: 3910
    params:
      params.yaml:
        feature_engineering.max_features: 50
    outs:
    - path: data/processed
      hash: md5
      md5: 8055a0ba6e072d7f85c11cbd4e6591f1.dir
      size: 1180748
      nfiles: 2
  model_building:
    cmd: python src/model_building.py
    deps:
    - path: data/processed
      hash: md5
      md5: 8055a0ba6e072d7f85c11cbd4e6591f1.dir
      size: 1180748
      nfiles: 2
    - path: src/model_building.py
      hash: md5
      md5: fb13f886e9f5a4dd0bef42321694807e
      size: 4514
    params:
      params.yaml:
        model_building.n_estimators: 25
        model_building.random_state: 2
    outs:
    - path: models/model.pkl
      hash: md5
      md5: f39fce3c12aec99b62477421136b7531
      size: 970135
  model_evaluation:
    cmd: python src/model_evaluation.py
    deps:
    - path: models/model.pkl
      hash: md5
      md5: f39fce3c12aec99b62477421136b7531
      size: 970135
    - path: src/model_evaluation.py
      hash: md5
      md5: a21804d237778bc5f96a5e374ad792fa
      size: 4643
    outs:
    - path: reports/metrics.json
      hash: md5
      md5: c92fb047cdadbbc0aefcfede4b916c62
      size: 133
